
Microsoft Visual Studio Solution File, Format Version 12.00
# Visual Studio Version 17
VisualStudioVersion = 17.8.34330.188
MinimumVisualStudioVersion = 10.0.40219.1
Project("{FAE04EC0-301F-11D3-BF4B-00C04F79EFBC}") = "eSya.ConfigeSya.WebAPI", "eSya.ConfigeSya.WebAPI\eSya.ConfigeSya.WebAPI.csproj", "{85FA51E4-C0C9-44F9-ADE7-C58451073D2B}"
EndProject
Project("{FAE04EC0-301F-11D3-BF4B-00C04F79EFBC}") = "eSya.ConfigeSya.DL", "..\eSya.ConfigeSya.DL\eSya.ConfigeSya.DL\eSya.ConfigeSya.DL.csproj", "{C64FC27E-5303-4B04-B335-8327EE825A8A}"
EndProject
Project("{FAE04EC0-301F-11D3-BF4B-00C04F79EFBC}") = "eSya.ConfigeSya.IF", "..\eSya.ConfigeSya.IF\eSya.ConfigeSya.IF\eSya.ConfigeSya.IF.csproj", "{10DBB78A-9DEF-49C3-A5A2-AD5A4B26DBB7}"
EndProject
Project("{FAE04EC0-301F-11D3-BF4B-00C04F79EFBC}") = "eSya.ConfigeSya.DO", "..\eSya.ConfigeSya.DO\eSya.ConfigeSya.DO\eSya.ConfigeSya.DO.csproj", "{02B2AA30-3083-4272-856F-2CC634C49A52}"
EndProject
Global
	GlobalSection(SolutionConfigurationPlatforms) = preSolution
		Debug|Any CPU = Debug|Any CPU
		Release|Any CPU = Release|Any CPU
	EndGlobalSection
	GlobalSection(ProjectConfigurationPlatforms) = postSolution
		{85FA51E4-C0C9-44F9-ADE7-C58451073D2B}.Debug|Any CPU.ActiveCfg = Debug|Any CPU
		{85FA51E4-C0C9-44F9-ADE7-C58451073D2B}.Debug|Any CPU.Build.0 = Debug|Any CPU
		{85FA51E4-C0C9-44F9-ADE7-C58451073D2B}.Release|Any CPU.ActiveCfg = Release|Any CPU
		{85FA51E4-C0C9-44F9-ADE7-C58451073D2B}.Release|Any CPU.Build.0 = Release|Any CPU
		{C64FC27E-5303-4B04-B335-8327EE825A8A}.Debug|Any CPU.ActiveCfg = Debug|Any CPU
		{C64FC27E-5303-4B04-B335-8327EE825A8A}.Debug|Any CPU.Build.0 = Debug|Any CPU
		{C64FC27E-5303-4B04-B335-8327EE825A8A}.Release|Any CPU.ActiveCfg = Release|Any CPU
		{C64FC27E-5303-4B04-B335-8327EE825A8A}.Release|Any CPU.Build.0 = Release|Any CPU
		{10DBB78A-9DEF-49C3-A5A2-AD5A4B26DBB7}.Debug|Any CPU.ActiveCfg = Debug|Any CPU
		{10DBB78A-9DEF-49C3-A5A2-AD5A4B26DBB7}.Debug|Any CPU.Build.0 = Debug|Any CPU
		{10DBB78A-9DEF-49C3-A5A2-AD5A4B26DBB7}.Release|Any CPU.ActiveCfg = Release|Any CPU
		{10DBB78A-9DEF-49C3-A5A2-AD5A4B26DBB7}.Release|Any CPU.Build.0 = Release|Any CPU
		{02B2AA30-3083-4272-856F-2CC634C49A52}.Debug|Any CPU.ActiveCfg = Debug|Any CPU
		{02B2AA30-3083-4272-856F-2CC634C49A52}.Debug|Any CPU.Build.0 = Debug|Any CPU
		{02B2AA30-3083-4272-856F-2CC634C49A52}.Release|Any CPU.ActiveCfg = Release|Any CPU
		{02B2AA30-3083-4272-856F-2CC634C49A52}.Release|Any CPU.Build.0 = Release|Any CPU
	EndGlobalSection
	GlobalSection(SolutionProperties) = preSolution
		HideSolutionNode = FALSE
	EndGlobalSection
	GlobalSection(ExtensibilityGlobals) = postSolution
		SolutionGuid = {53CA0A33-5407-446E-8773-659D69045E3A}
	EndGlobalSection
EndGlobal
